// !$*UTF8*$!
{
	archiveVersion = 1;
	classes = {
	};
	objectVersion = 56;
	objects = {

/* Begin PBXBuildFile section */
		EDC49B442BD507AD00D18175 /* RecipeComposeViewController.swift in Sources */ = {isa = PBXBuildFile; fileRef = EDC49B432BD507AD00D18175 /* RecipeComposeViewController.swift */; };
		EDC49B462BD61FF900D18175 /* Recipe.swift in Sources */ = {isa = PBXBuildFile; fileRef = EDC49B452BD61FF900D18175 /* Recipe.swift */; };
		EDC49B482BD6263900D18175 /* CreateViewController.swift in Sources */ = {isa = PBXBuildFile; fileRef = EDC49B472BD6263900D18175 /* CreateViewController.swift */; };
		EDC49B4C2BD7705500D18175 /* RecipeCard.swift in Sources */ = {isa = PBXBuildFile; fileRef = EDC49B4B2BD7705500D18175 /* RecipeCard.swift */; };
		EDC49B502BD7875900D18175 /* detailRecipeViewController.swift in Sources */ = {isa = PBXBuildFile; fileRef = EDC49B4F2BD7875900D18175 /* detailRecipeViewController.swift */; };
		EDECDB0F2BCE3F8500313D2A /* AppDelegate.swift in Sources */ = {isa = PBXBuildFile; fileRef = EDECDB0E2BCE3F8500313D2A /* AppDelegate.swift */; };
		EDECDB112BCE3F8500313D2A /* SceneDelegate.swift in Sources */ = {isa = PBXBuildFile; fileRef = EDECDB102BCE3F8500313D2A /* SceneDelegate.swift */; };
		EDECDB132BCE3F8500313D2A /* SearchBarViewController.swift in Sources */ = {isa = PBXBuildFile; fileRef = EDECDB122BCE3F8500313D2A /* SearchBarViewController.swift */; };
		EDECDB162BCE3F8500313D2A /* Main.storyboard in Resources */ = {isa = PBXBuildFile; fileRef = EDECDB142BCE3F8500313D2A /* Main.storyboard */; };
		EDECDB182BCE3F8700313D2A /* Assets.xcassets in Resources */ = {isa = PBXBuildFile; fileRef = EDECDB172BCE3F8700313D2A /* Assets.xcassets */; };
		EDECDB1B2BCE3F8700313D2A /* LaunchScreen.storyboard in Resources */ = {isa = PBXBuildFile; fileRef = EDECDB192BCE3F8700313D2A /* LaunchScreen.storyboard */; };
/* End PBXBuildFile section */

/* Begin PBXFileReference section */
		EDC49B432BD507AD00D18175 /* RecipeComposeViewController.swift */ = {isa = PBXFileReference; lastKnownFileType = sourcecode.swift; path = RecipeComposeViewController.swift; sourceTree = "<group>"; };
		EDC49B452BD61FF900D18175 /* Recipe.swift */ = {isa = PBXFileReference; lastKnownFileType = sourcecode.swift; path = Recipe.swift; sourceTree = "<group>"; };
		EDC49B472BD6263900D18175 /* CreateViewController.swift */ = {isa = PBXFileReference; lastKnownFileType = sourcecode.swift; path = CreateViewController.swift; sourceTree = "<group>"; };
		EDC49B4B2BD7705500D18175 /* RecipeCard.swift */ = {isa = PBXFileReference; lastKnownFileType = sourcecode.swift; path = RecipeCard.swift; sourceTree = "<group>"; };
		EDC49B4F2BD7875900D18175 /* detailRecipeViewController.swift */ = {isa = PBXFileReference; lastKnownFileType = sourcecode.swift; path = detailRecipeViewController.swift; sourceTree = "<group>"; };
		EDECDB0B2BCE3F8500313D2A /* SaborDeCasa.app */ = {isa = PBXFileReference; explicitFileType = wrapper.application; includeInIndex = 0; path = SaborDeCasa.app; sourceTree = BUILT_PRODUCTS_DIR; };
		EDECDB0E2BCE3F8500313D2A /* AppDelegate.swift */ = {isa = PBXFileReference; lastKnownFileType = sourcecode.swift; path = AppDelegate.swift; sourceTree = "<group>"; };
		EDECDB102BCE3F8500313D2A /* SceneDelegate.swift */ = {isa = PBXFileReference; lastKnownFileType = sourcecode.swift; path = SceneDelegate.swift; sourceTree = "<group>"; };
		EDECDB122BCE3F8500313D2A /* SearchBarViewController.swift */ = {isa = PBXFileReference; lastKnownFileType = sourcecode.swift; path = SearchBarViewController.swift; sourceTree = "<group>"; };
		EDECDB152BCE3F8500313D2A /* Base */ = {isa = PBXFileReference; lastKnownFileType = file.storyboard; name = Base; path = Base.lproj/Main.storyboard; sourceTree = "<group>"; };
		EDECDB172BCE3F8700313D2A /* Assets.xcassets */ = {isa = PBXFileReference; lastKnownFileType = folder.assetcatalog; path = Assets.xcassets; sourceTree = "<group>"; };
		EDECDB1A2BCE3F8700313D2A /* Base */ = {isa = PBXFileReference; lastKnownFileType = file.storyboard; name = Base; path = Base.lproj/LaunchScreen.storyboard; sourceTree = "<group>"; };
		EDECDB1C2BCE3F8700313D2A /* Info.plist */ = {isa = PBXFileReference; lastKnownFileType = text.plist.xml; path = Info.plist; sourceTree = "<group>"; };
/* End PBXFileReference section */

/* Begin PBXFrameworksBuildPhase section */
		EDECDB082BCE3F8500313D2A /* Frameworks */ = {
			isa = PBXFrameworksBuildPhase;
			buildActionMask = 2147483647;
			files = (
			);
			runOnlyForDeploymentPostprocessing = 0;
		};
/* End PBXFrameworksBuildPhase section */

/* Begin PBXGroup section */
		EDECDB022BCE3F8400313D2A = {
			isa = PBXGroup;
			children = (
				EDECDB0D2BCE3F8500313D2A /* SaborDeCasa */,
				EDECDB0C2BCE3F8500313D2A /* Products */,
			);
			sourceTree = "<group>";
		};
		EDECDB0C2BCE3F8500313D2A /* Products */ = {
			isa = PBXGroup;
			children = (
				EDECDB0B2BCE3F8500313D2A /* SaborDeCasa.app */,
			);
			name = Products;
			sourceTree = "<group>";
		};
		EDECDB0D2BCE3F8500313D2A /* SaborDeCasa */ = {
			isa = PBXGroup;
			children = (
				EDECDB0E2BCE3F8500313D2A /* AppDelegate.swift */,
				EDECDB102BCE3F8500313D2A /* SceneDelegate.swift */,
				EDECDB122BCE3F8500313D2A /* SearchBarViewController.swift */,
				EDC49B432BD507AD00D18175 /* RecipeComposeViewController.swift */,
				EDC49B452BD61FF900D18175 /* Recipe.swift */,
				EDECDB142BCE3F8500313D2A /* Main.storyboard */,
				EDC49B4F2BD7875900D18175 /* detailRecipeViewController.swift */,
				EDC49B4B2BD7705500D18175 /* RecipeCard.swift */,
				EDC49B472BD6263900D18175 /* CreateViewController.swift */,
				EDECDB172BCE3F8700313D2A /* Assets.xcassets */,
				EDECDB192BCE3F8700313D2A /* LaunchScreen.storyboard */,
				EDECDB1C2BCE3F8700313D2A /* Info.plist */,
			);
			path = SaborDeCasa;
			sourceTree = "<group>";
		};
/* End PBXGroup section */

/* Begin PBXNativeTarget section */
		EDECDB0A2BCE3F8500313D2A /* SaborDeCasa */ = {
			isa = PBXNativeTarget;
			buildConfigurationList = EDECDB1F2BCE3F8700313D2A /* Build configuration list for PBXNativeTarget "SaborDeCasa" */;
			buildPhases = (
				EDECDB072BCE3F8500313D2A /* Sources */,
				EDECDB082BCE3F8500313D2A /* Frameworks */,
				EDECDB092BCE3F8500313D2A /* Resources */,
			);
			buildRules = (
			);
			dependencies = (
			);
			name = SaborDeCasa;
			productName = SaborDeCasa;
			productReference = EDECDB0B2BCE3F8500313D2A /* SaborDeCasa.app */;
			productType = "com.apple.product-type.application";
		};
/* End PBXNativeTarget section */

/* Begin PBXProject section */
		EDECDB032BCE3F8400313D2A /* Project object */ = {
			isa = PBXProject;
			attributes = {
				BuildIndependentTargetsInParallel = 1;
				LastSwiftUpdateCheck = 1520;
				LastUpgradeCheck = 1520;
				TargetAttributes = {
					EDECDB0A2BCE3F8500313D2A = {
						CreatedOnToolsVersion = 15.2;
					};
				};
			};
			buildConfigurationList = EDECDB062BCE3F8400313D2A /* Build configuration list for PBXProject "SaborDeCasa" */;
			compatibilityVersion = "Xcode 14.0";
			developmentRegion = en;
			hasScannedForEncodings = 0;
			knownRegions = (
				en,
				Base,
			);
			mainGroup = EDECDB022BCE3F8400313D2A;
			productRefGroup = EDECDB0C2BCE3F8500313D2A /* Products */;
			projectDirPath = "";
			projectRoot = "";
			targets = (
				EDECDB0A2BCE3F8500313D2A /* SaborDeCasa */,
			);
		};
/* End PBXProject section */

/* Begin PBXResourcesBuildPhase section */
		EDECDB092BCE3F8500313D2A /* Resources */ = {
			isa = PBXResourcesBuildPhase;
			buildActionMask = 2147483647;
			files = (
				EDECDB1B2BCE3F8700313D2A /* LaunchScreen.storyboard in Resources */,
				EDECDB182BCE3F8700313D2A /* Assets.xcassets in Resources */,
				EDECDB162BCE3F8500313D2A /* Main.storyboard in Resources */,
			);
			runOnlyForDeploymentPostprocessing = 0;
		};
/* End PBXResourcesBuildPhase section */

/* Begin PBXSourcesBuildPhase section */
		EDECDB072BCE3F8500313D2A /* Sources */ = {
			isa = PBXSourcesBuildPhase;
			buildActionMask = 2147483647;
			files = (
				EDECDB132BCE3F8500313D2A /* SearchBarViewController.swift in Sources */,
				EDECDB0F2BCE3F8500313D2A /* AppDelegate.swift in Sources */,
				EDC49B502BD7875900D18175 /* detailRecipeViewController.swift in Sources */,
				EDC49B482BD6263900D18175 /* CreateViewController.swift in Sources */,
				EDECDB112BCE3F8500313D2A /* SceneDelegate.swift in Sources */,
				EDC49B442BD507AD00D18175 /* RecipeComposeViewController.swift in Sources */,
				EDC49B462BD61FF900D18175 /* Recipe.swift in Sources */,
				EDC49B4C2BD7705500D18175 /* RecipeCard.swift in Sources */,
			);
			runOnlyForDeploymentPostprocessing = 0;
		};
/* End PBXSourcesBuildPhase section */

/* Begin PBXVariantGroup section */
		EDECDB142BCE3F8500313D2A /* Main.storyboard */ = {
			isa = PBXVariantGroup;
			children = (
				EDECDB152BCE3F8500313D2A /* Base */,
			);
			name = Main.storyboard;
			sourceTree = "<group>";
		};
		EDECDB192BCE3F8700313D2A /* LaunchScreen.storyboard */ = {
			isa = PBXVariantGroup;
			children = (
				EDECDB1A2BCE3F8700313D2A /* Base */,
			);
			name = LaunchScreen.storyboard;
			sourceTree = "<group>";
		};
/* End PBXVariantGroup section */

/* Begin XCBuildConfiguration section */
		EDECDB1D2BCE3F8700313D2A /* Debug */ = {
			isa = XCBuildConfiguration;
			buildSettings = {
				ALWAYS_SEARCH_USER_PATHS = NO;
				ASSETCATALOG_COMPILER_GENERATE_SWIFT_ASSET_SYMBOL_EXTENSIONS = YES;
				CLANG_ANALYZER_NONNULL = YES;
				CLANG_ANALYZER_NUMBER_OBJECT_CONVERSION = YES_AGGRESSIVE;
				CLANG_CXX_LANGUAGE_STANDARD = "gnu++20";
				CLANG_ENABLE_MODULES = YES;
				CLANG_ENABLE_OBJC_ARC = YES;
				CLANG_ENABLE_OBJC_WEAK = YES;
				CLANG_WARN_BLOCK_CAPTURE_AUTORELEASING = YES;
				CLANG_WARN_BOOL_CONVERSION = YES;
				CLANG_WARN_COMMA = YES;
				CLANG_WARN_CONSTANT_CONVERSION = YES;
				CLANG_WARN_DEPRECATED_OBJC_IMPLEMENTATIONS = YES;
				CLANG_WARN_DIRECT_OBJC_ISA_USAGE = YES_ERROR;
				CLANG_WARN_DOCUMENTATION_COMMENTS = YES;
				CLANG_WARN_EMPTY_BODY = YES;
				CLANG_WARN_ENUM_CONVERSION = YES;
				CLANG_WARN_INFINITE_RECURSION = YES;
				CLANG_WARN_INT_CONVERSION = YES;
				CLANG_WARN_NON_LITERAL_NULL_CONVERSION = YES;
				CLANG_WARN_OBJC_IMPLICIT_RETAIN_SELF = YES;
				CLANG_WARN_OBJC_LITERAL_CONVERSION = YES;
				CLANG_WARN_OBJC_ROOT_CLASS = YES_ERROR;
				CLANG_WARN_QUOTED_INCLUDE_IN_FRAMEWORK_HEADER = YES;
				CLANG_WARN_RANGE_LOOP_ANALYSIS = YES;
				CLANG_WARN_STRICT_PROTOTYPES = YES;
				CLANG_WARN_SUSPICIOUS_MOVE = YES;
				CLANG_WARN_UNGUARDED_AVAILABILITY = YES_AGGRESSIVE;
				CLANG_WARN_UNREACHABLE_CODE = YES;
				CLANG_WARN__DUPLICATE_METHOD_MATCH = YES;
				COPY_PHASE_STRIP = NO;
				DEBUG_INFORMATION_FORMAT = dwarf;
				ENABLE_STRICT_OBJC_MSGSEND = YES;
				ENABLE_TESTABILITY = YES;
				ENABLE_USER_SCRIPT_SANDBOXING = YES;
				GCC_C_LANGUAGE_STANDARD = gnu17;
				GCC_DYNAMIC_NO_PIC = NO;
				GCC_NO_COMMON_BLOCKS = YES;
				GCC_OPTIMIZATION_LEVEL = 0;
				GCC_PREPROCESSOR_DEFINITIONS = (
					"DEBUG=1",
					"$(inherited)",
				);
				GCC_WARN_64_TO_32_BIT_CONVERSION = YES;
				GCC_WARN_ABOUT_RETURN_TYPE = YES_ERROR;
				GCC_WARN_UNDECLARED_SELECTOR = YES;
				GCC_WARN_UNINITIALIZED_AUTOS = YES_AGGRESSIVE;
				GCC_WARN_UNUSED_FUNCTION = YES;
				GCC_WARN_UNUSED_VARIABLE = YES;
				IPHONEOS_DEPLOYMENT_TARGET = 17.2;
				LOCALIZATION_PREFERS_STRING_CATALOGS = YES;
				MTL_ENABLE_DEBUG_INFO = INCLUDE_SOURCE;
				MTL_FAST_MATH = YES;
				ONLY_ACTIVE_ARCH = YES;
				SDKROOT = iphoneos;
				SWIFT_ACTIVE_COMPILATION_CONDITIONS = "DEBUG $(inherited)";
				SWIFT_OPTIMIZATION_LEVEL = "-Onone";
			};
			name = Debug;
		};
		EDECDB1E2BCE3F8700313D2A /* Release */ = {
			isa = XCBuildConfiguration;
			buildSettings = {
				ALWAYS_SEARCH_USER_PATHS = NO;
				ASSETCATALOG_COMPILER_GENERATE_SWIFT_ASSET_SYMBOL_EXTENSIONS = YES;
				CLANG_ANALYZER_NONNULL = YES;
				CLANG_ANALYZER_NUMBER_OBJECT_CONVERSION = YES_AGGRESSIVE;
				CLANG_CXX_LANGUAGE_STANDARD = "gnu++20";
				CLANG_ENABLE_MODULES = YES;
				CLANG_ENABLE_OBJC_ARC = YES;
				CLANG_ENABLE_OBJC_WEAK = YES;
				CLANG_WARN_BLOCK_CAPTURE_AUTORELEASING = YES;
				CLANG_WARN_BOOL_CONVERSION = YES;
				CLANG_WARN_COMMA = YES;
				CLANG_WARN_CONSTANT_CONVERSION = YES;
				CLANG_WARN_DEPRECATED_OBJC_IMPLEMENTATIONS = YES;
				CLANG_WARN_DIRECT_OBJC_ISA_USAGE = YES_ERROR;
				CLANG_WARN_DOCUMENTATION_COMMENTS = YES;
				CLANG_WARN_EMPTY_BODY = YES;
				CLANG_WARN_ENUM_CONVERSION = YES;
				CLANG_WARN_INFINITE_RECURSION = YES;
				CLANG_WARN_INT_CONVERSION = YES;
				CLANG_WARN_NON_LITERAL_NULL_CONVERSION = YES;
				CLANG_WARN_OBJC_IMPLICIT_RETAIN_SELF = YES;
				CLANG_WARN_OBJC_LITERAL_CONVERSION = YES;
				CLANG_WARN_OBJC_ROOT_CLASS = YES_ERROR;
				CLANG_WARN_QUOTED_INCLUDE_IN_FRAMEWORK_HEADER = YES;
				CLANG_WARN_RANGE_LOOP_ANALYSIS = YES;
				CLANG_WARN_STRICT_PROTOTYPES = YES;
				CLANG_WARN_SUSPICIOUS_MOVE = YES;
				CLANG_WARN_UNGUARDED_AVAILABILITY = YES_AGGRESSIVE;
				CLANG_WARN_UNREACHABLE_CODE = YES;
				CLANG_WARN__DUPLICATE_METHOD_MATCH = YES;
				COPY_PHASE_STRIP = NO;
				DEBUG_INFORMATION_FORMAT = "dwarf-with-dsym";
				ENABLE_NS_ASSERTIONS = NO;
				ENABLE_STRICT_OBJC_MSGSEND = YES;
				ENABLE_USER_SCRIPT_SANDBOXING = YES;
				GCC_C_LANGUAGE_STANDARD = gnu17;
				GCC_NO_COMMON_BLOCKS = YES;
				GCC_WARN_64_TO_32_BIT_CONVERSION = YES;
				GCC_WARN_ABOUT_RETURN_TYPE = YES_ERROR;
				GCC_WARN_UNDECLARED_SELECTOR = YES;
				GCC_WARN_UNINITIALIZED_AUTOS = YES_AGGRESSIVE;
				GCC_WARN_UNUSED_FUNCTION = YES;
				GCC_WARN_UNUSED_VARIABLE = YES;
				IPHONEOS_DEPLOYMENT_TARGET = 17.2;
				LOCALIZATION_PREFERS_STRING_CATALOGS = YES;
				MTL_ENABLE_DEBUG_INFO = NO;
				MTL_FAST_MATH = YES;
				SDKROOT = iphoneos;
				SWIFT_COMPILATION_MODE = wholemodule;
				VALIDATE_PRODUCT = YES;
			};
			name = Release;
		};
		EDECDB202BCE3F8700313D2A /* Debug */ = {
			isa = XCBuildConfiguration;
			buildSettings = {
				ASSETCATALOG_COMPILER_APPICON_NAME = AppIcon;
				ASSETCATALOG_COMPILER_GLOBAL_ACCENT_COLOR_NAME = AccentColor;
				CODE_SIGN_STYLE = Automatic;
				CURRENT_PROJECT_VERSION = 1;
				GENERATE_INFOPLIST_FILE = YES;
				INFOPLIST_FILE = SaborDeCasa/Info.plist;
				INFOPLIST_KEY_UIApplicationSupportsIndirectInputEvents = YES;
				INFOPLIST_KEY_UILaunchStoryboardName = LaunchScreen;
				INFOPLIST_KEY_UIMainStoryboardFile = Main;
				INFOPLIST_KEY_UISupportedInterfaceOrientations_iPad = "UIInterfaceOrientationPortrait UIInterfaceOrientationPortraitUpsideDown UIInterfaceOrientationLandscapeLeft UIInterfaceOrientationLandscapeRight";
				INFOPLIST_KEY_UISupportedInterfaceOrientations_iPhone = "UIInterfaceOrientationPortrait UIInterfaceOrientationLandscapeLeft UIInterfaceOrientationLandscapeRight";
				LD_RUNPATH_SEARCH_PATHS = (
					"$(inherited)",
					"@executable_path/Frameworks",
				);
				MARKETING_VERSION = 1.0;
				PRODUCT_BUNDLE_IDENTIFIER = ingrid.SaborDeCasa;
				PRODUCT_NAME = "$(TARGET_NAME)";
				SWIFT_EMIT_LOC_STRINGS = YES;
				SWIFT_VERSION = 5.0;
				TARGETED_DEVICE_FAMILY = "1,2";
			};
			name = Debug;
		};
		EDECDB212BCE3F8700313D2A /* Release */ = {
			isa = XCBuildConfiguration;
			buildSettings = {
				ASSETCATALOG_COMPILER_APPICON_NAME = AppIcon;
				ASSETCATALOG_COMPILER_GLOBAL_ACCENT_COLOR_NAME = AccentColor;
				CODE_SIGN_STYLE = Automatic;
				CURRENT_PROJECT_VERSION = 1;
				GENERATE_INFOPLIST_FILE = YES;
				INFOPLIST_FILE = SaborDeCasa/Info.plist;
				INFOPLIST_KEY_UIApplicationSupportsIndirectInputEvents = YES;
				INFOPLIST_KEY_UILaunchStoryboardName = LaunchScreen;
				INFOPLIST_KEY_UIMainStoryboardFile = Main;
				INFOPLIST_KEY_UISupportedInterfaceOrientations_iPad = "UIInterfaceOrientationPortrait UIInterfaceOrientationPortraitUpsideDown UIInterfaceOrientationLandscapeLeft UIInterfaceOrientationLandscapeRight";
				INFOPLIST_KEY_UISupportedInterfaceOrientations_iPhone = "UIInterfaceOrientationPortrait UIInterfaceOrientationLandscapeLeft UIInterfaceOrientationLandscapeRight";
				LD_RUNPATH_SEARCH_PATHS = (
					"$(inherited)",
					"@executable_path/Frameworks",
				);
				MARKETING_VERSION = 1.0;
				PRODUCT_BUNDLE_IDENTIFIER = ingrid.SaborDeCasa;
				PRODUCT_NAME = "$(TARGET_NAME)";
				SWIFT_EMIT_LOC_STRINGS = YES;
				SWIFT_VERSION = 5.0;
				TARGETED_DEVICE_FAMILY = "1,2";
			};
			name = Release;
		};
/* End XCBuildConfiguration section */

/* Begin XCConfigurationList section */
		EDECDB062BCE3F8400313D2A /* Build configuration list for PBXProject "SaborDeCasa" */ = {
			isa = XCConfigurationList;
			buildConfigurations = (
				EDECDB1D2BCE3F8700313D2A /* Debug */,
				EDECDB1E2BCE3F8700313D2A /* Release */,
			);
			defaultConfigurationIsVisible = 0;
			defaultConfigurationName = Release;
		};
		EDECDB1F2BCE3F8700313D2A /* Build configuration list for PBXNativeTarget "SaborDeCasa" */ = {
			isa = XCConfigurationList;
			buildConfigurations = (
				EDECDB202BCE3F8700313D2A /* Debug */,
				EDECDB212BCE3F8700313D2A /* Release */,
			);
			defaultConfigurationIsVisible = 0;
			defaultConfigurationName = Release;
		};
/* End XCConfigurationList section */
	};
	rootObject = EDECDB032BCE3F8400313D2A /* Project object */;
}
